lockfileVersion: '9.0'

settings:
  autoInstallPeers: true
  excludeLinksFromLockfile: false

importers:

  .:
    dependencies:
      react:
        specifier: ^19.2.5
        version: 19.2.5
      react-dom:
        specifier: ^19.2.5
        version: 19.2.5(react@19.2.5)
    devDependencies:
      '@rsbuild/core':
        specifier: ^2.0.3
        version: 2.0.3(core-js@3.47.0)
      '@rsbuild/plugin-react':
        specifier: ^2.0.0
        version: 2.0.0(@rsbuild/core@2.0.3(core-js@3.47.0))(@rspack/core@2.0.1(@swc/helpers@0.5.21))
      '@types/react':
        specifier: ^19.2.14
        version: 19.2.14
      '@types/react-dom':
        specifier: ^19.2.3
        version: 19.2.3(@types/react@19.2.14)
      typescript:
        specifier: ^6.0.3
        version: 6.0.3

packages:

  '@emnapi/core@1.10.0':
    resolution: {integrity: sha512-yq6OkJ4p82CAfPl0u9mQebQHKPJkY7WrIuk205cTYnYe+k2Z8YBh11FrbRG/H6ihirqcacOgl2BIO8oyMQLeXw==}

  '@emnapi/runtime@1.10.0':
    resolution: {integrity: sha512-ewvYlk86xUoGI0zQRNq/mC+16R1QeDlKQy21Ki3oSYXNgLb45GV1P6A0M+/s6nyCuNDqe5VpaY84BzXGwVbwFA==}

  '@emnapi/wasi-threads@1.2.1':
    resolution: {integrity: sha512-uTII7OYF+/Mes/MrcIOYp5yOtSMLBWSIoLPpcgwipoiKbli6k322tcoFsxoIIxPDqW01SQGAgko4EzZi2BNv2w==}

  '@napi-rs/wasm-runtime@1.1.4':
    resolution: {integrity: sha512-3NQNNgA1YSlJb/kMH1ildASP9HW7/7kYnRI2szWJaofaS1hWmbGI4H+d3+22aGzXXN9IJ+n+GiFVcGipJP18ow==}
    peerDependencies:
      '@emnapi/core': ^1.7.1
      '@emnapi/runtime': ^1.7.1

  '@rsbuild/core@2.0.3':
    resolution: {integrity: sha512-2myp7jUgGen50saxW8OJD/eMVKp7HnuBN5MUzwRb6mDbRZZVpoorfI4LQqiGSBNjGLB6jltvx/R2yHmcmnchwg==}
    engines: {node: ^20.19.0 || >=22.12.0}
    hasBin: true
    peerDependencies:
      core-js: '>= 3.0.0'
    peerDependenciesMeta:
      core-js:
        optional: true

  '@rsbuild/plugin-react@2.0.0':
    resolution: {integrity: sha512-/1gzt39EGUSFEqB83g46QoOwsgv172HI18i6au1b6lgIaX4sv9stuX4ijdHbHCp8PqYEq+MyQ99jIQMO6I+etg==}
    peerDependencies:
      '@rsbuild/core': ^2.0.0-0
    peerDependenciesMeta:
      '@rsbuild/core':
        optional: true

  '@rspack/binding-darwin-arm64@2.0.1':
    resolution: {integrity: sha512-CGFO5zmajD1Itch1lxAI7+gvKiagzyqXopHv/jHG9Su2WWQ2/Nhn2/rkSpdp6ptE9ri6+6tCOOahf099/v/Xog==}
    cpu: [arm64]
    os: [darwin]

  '@rspack/binding-darwin-x64@2.0.1':
    resolution: {integrity: sha512-2vvBNBoS09/PurupBwSrlTZd8283o00B8v20ncsNUdEff41uCR/hzIrYoTIVWnVST+Gt5O1+cfcfORp397lajg==}
    cpu: [x64]
    os: [darwin]

  '@rspack/binding-linux-arm64-gnu@2.0.1':
    resolution: {integrity: sha512-uvNXk6ahE3AH3h2avnd1Mgno68YQpS4cfX1OkOGWIC/roL+NrOP2XVXV4yfVAoydPALDO7AfbIfN0QdmBK3rsA==}
    cpu: [arm64]
    os: [linux]
    libc: [glibc]

  '@rspack/binding-linux-arm64-musl@2.0.1':
    resolution: {integrity: sha512-S/a6uN9PiZ5O/PjSqyIXhuRC1lVzeJkJV69NeLk5sIEUiDQ/aQGZG97uN+tluwpbo1tPbLJkdHYETfjspOX4Pg==}
    cpu: [arm64]
    os: [linux]
    libc: [musl]

  '@rspack/binding-linux-x64-gnu@2.0.1':
    resolution: {integrity: sha512-C13Kk0OkZiocZVj187Sf753UH6pDXnuEu6vzUvi3qv9ltibG1ki0H2Y8isXBYL2cHQOV+hk0g1S6/4z3TTB97A==}
    cpu: [x64]
    os: [linux]
    libc: [glibc]

  '@rspack/binding-linux-x64-musl@2.0.1':
    resolution: {integrity: sha512-TQsiBFpEDGkuvK9tNdGj/Uc+AIytzqhxXH/1jKU6M24cWB1DTw/Cx7DdrkCBDyq3129K3POLdujvbWCGqBzQUw==}
    cpu: [x64]
    os: [linux]
    libc: [musl]

  '@rspack/binding-wasm32-wasi@2.0.1':
    resolution: {integrity: sha512-wk3gyUgBW/ayP49bI54bkY8+EQnfBHxdoe9dz3oobSTZQc8AOWwmUUDEPltW8rUvPOM6dfHECTOUMnfaf2f5yA==}
    cpu: [wasm32]

  '@rspack/binding-win32-arm64-msvc@2.0.1':
    resolution: {integrity: sha512-rHjLcy3VcAC3+x+PxH+gwhwv6tPe0JdXTNT5eAOs9wgZIM6T9p4wre49+K4Qy98+Fb7TTbLX0ObUitlOkGwTSA==}
    cpu: [arm64]
    os: [win32]

  '@rspack/binding-win32-ia32-msvc@2.0.1':
    resolution: {integrity: sha512-Ad1vVqMBBnd4T8rsORngu9sl2kyRTlS4kMlvFudjzl1X2UFArEDBe0YVGNN7ZvahM12CErUx2WiN8Sd8pb+qXQ==}
    cpu: [ia32]
    os: [win32]

  '@rspack/binding-win32-x64-msvc@2.0.1':
    resolution: {integrity: sha512-oPM2Jtm7HOlmxl/aBfleAVlL6t9VeHx6WvEets7BBJMInemFXAQd4CErRqybf7rXutACzLeUWBOue4Jpd1/ykw==}
    cpu: [x64]
    os: [win32]

  '@rspack/binding@2.0.1':
    resolution: {integrity: sha512-ynV1gw4KqFtQ0P+ZZh76SUj49wBb2FuHW3zSmHverHWuxBhzvrZS6/dZ+fCFQG8bTTPtrPz0RQUTN3uEDbPVBQ==}

  '@rspack/core@2.0.1':
    resolution: {integrity: sha512-lgfZiExh8kDR/3obgi3RQKwKG5av1Xf5qDN1aVde777W9pbmx0Pqvrww1qtNvJ+gobEjbrrn5HEZWYGe0VLmcA==}
    engines: {node: ^20.19.0 || >=22.12.0}
    peerDependencies:
      '@module-federation/runtime-tools': ^0.24.1 || ^2.0.0
      '@swc/helpers': '>=0.5.1'
    peerDependenciesMeta:
      '@module-federation/runtime-tools':
        optional: true
      '@swc/helpers':
        optional: true

  '@rspack/plugin-react-refresh@2.0.0':
    resolution: {integrity: sha512-Cf6CxBStNDJbiXMc/GmsvG1G8PRlUpa0MSfWsMTI+e8npzuTN/p8nwLs3shriBZOLciqgkSZpBtPTd10BLpj1g==}
    peerDependencies:
      '@rspack/core': ^2.0.0-0
      react-refresh: '>=0.10.0 <1.0.0'
    peerDependenciesMeta:
      '@rspack/core':
        optional: true

  '@swc/helpers@0.5.21':
    resolution: {integrity: sha512-jI/VAmtdjB/RnI8GTnokyX7Ug8c+g+ffD6QRLa6XQewtnGyukKkKSk3wLTM3b5cjt1jNh9x0jfVlagdN2gDKQg==}

  '@tybys/wasm-util@0.10.1':
    resolution: {integrity: sha512-9tTaPJLSiejZKx+Bmog4uSubteqTvFrVrURwkmHixBo0G4seD0zUxp98E1DzUBJxLQ3NPwXrGKDiVjwx/DpPsg==}

  '@types/react-dom@19.2.3':
    resolution: {integrity: sha512-jp2L/eY6fn+KgVVQAOqYItbF0VY/YApe5Mz2F0aykSO8gx31bYCZyvSeYxCHKvzHG5eZjc+zyaS5BrBWya2+kQ==}
    peerDependencies:
      '@types/react': ^19.2.0

  '@types/react@19.2.14':
    resolution: {integrity: sha512-ilcTH/UniCkMdtexkoCN0bI7pMcJDvmQFPvuPvmEaYA/NSfFTAgdUSLAoVjaRJm7+6PvcM+q1zYOwS4wTYMF9w==}

  core-js@3.47.0:
    resolution: {integrity: sha512-c3Q2VVkGAUyupsjRnaNX6u8Dq2vAdzm9iuPj5FW0fRxzlxgq9Q39MDq10IvmQSpLgHQNyQzQmOo6bgGHmH3NNg==}

  csstype@3.2.3:
    resolution: {integrity: sha512-z1HGKcYy2xA8AGQfwrn0PAy+PB7X/GSj3UVJW9qKyn43xWa+gl5nXmU4qqLMRzWVLFC8KusUX8T/0kCiOYpAIQ==}

  react-dom@19.2.5:
    resolution: {integrity: sha512-J5bAZz+DXMMwW/wV3xzKke59Af6CHY7G4uYLN1OvBcKEsWOs4pQExj86BBKamxl/Ik5bx9whOrvBlSDfWzgSag==}
    peerDependencies:
      react: ^19.2.5

  react-refresh@0.18.0:
    resolution: {integrity: sha512-QgT5//D3jfjJb6Gsjxv0Slpj23ip+HtOpnNgnb2S5zU3CB26G/IDPGoy4RJB42wzFE46DRsstbW6tKHoKbhAxw==}
    engines: {node: '>=0.10.0'}

  react@19.2.5:
    resolution: {integrity: sha512-llUJLzz1zTUBrskt2pwZgLq59AemifIftw4aB7JxOqf1HY2FDaGDxgwpAPVzHU1kdWabH7FauP4i1oEeer2WCA==}
    engines: {node: '>=0.10.0'}

  scheduler@0.27.0:
    resolution: {integrity: sha512-eNv+WrVbKu1f3vbYJT/xtiF5syA5HPIMtf9IgY/nKg0sWqzAUEvqY/xm7OcZc/qafLx/iO9FgOmeSAp4v5ti/Q==}

  tslib@2.8.1:
    resolution: {integrity: sha512-oJFu94HQb+KVduSUQL7wnpmqnfmLsOA/nAh6b6EH0wCEoK0/mPeXU6c3wKDV83MkOuHPRHtSXKKU99IBazS/2w==}

  typescript@6.0.3:
    resolution: {integrity: sha512-y2TvuxSZPDyQakkFRPZHKFm+KKVqIisdg9/CZwm9ftvKXLP8NRWj38/ODjNbr43SsoXqNuAisEf1GdCxqWcdBw==}
    engines: {node: '>=14.17'}
    hasBin: true

snapshots:

  '@emnapi/core@1.10.0':
    dependencies:
      '@emnapi/wasi-threads': 1.2.1
      tslib: 2.8.1
    optional: true

  '@emnapi/runtime@1.10.0':
    dependencies:
      tslib: 2.8.1
    optional: true

  '@emnapi/wasi-threads@1.2.1':
    dependencies:
      tslib: 2.8.1
    optional: true

  '@napi-rs/wasm-runtime@1.1.4(@emnapi/core@1.10.0)(@emnapi/runtime@1.10.0)':
    dependencies:
      '@emnapi/core': 1.10.0
      '@emnapi/runtime': 1.10.0
      '@tybys/wasm-util': 0.10.1
    optional: true

  '@rsbuild/core@2.0.3(core-js@3.47.0)':
    dependencies:
      '@rspack/core': 2.0.1(@swc/helpers@0.5.21)
      '@swc/helpers': 0.5.21
    optionalDependencies:
      core-js: 3.47.0
    transitivePeerDependencies:
      - '@module-federation/runtime-tools'

  '@rsbuild/plugin-react@2.0.0(@rsbuild/core@2.0.3(core-js@3.47.0))(@rspack/core@2.0.1(@swc/helpers@0.5.21))':
    dependencies:
      '@rspack/plugin-react-refresh': 2.0.0(@rspack/core@2.0.1(@swc/helpers@0.5.21))(react-refresh@0.18.0)
      react-refresh: 0.18.0
    optionalDependencies:
      '@rsbuild/core': 2.0.3(core-js@3.47.0)
    transitivePeerDependencies:
      - '@rspack/core'

  '@rspack/binding-darwin-arm64@2.0.1':
    optional: true

  '@rspack/binding-darwin-x64@2.0.1':
    optional: true

  '@rspack/binding-linux-arm64-gnu@2.0.1':
    optional: true

  '@rspack/binding-linux-arm64-musl@2.0.1':
    optional: true

  '@rspack/binding-linux-x64-gnu@2.0.1':
    optional: true

  '@rspack/binding-linux-x64-musl@2.0.1':
    optional: true

  '@rspack/binding-wasm32-wasi@2.0.1':
    dependencies:
      '@emnapi/core': 1.10.0
      '@emnapi/runtime': 1.10.0
      '@napi-rs/wasm-runtime': 1.1.4(@emnapi/core@1.10.0)(@emnapi/runtime@1.10.0)
    optional: true

  '@rspack/binding-win32-arm64-msvc@2.0.1':
    optional: true

  '@rspack/binding-win32-ia32-msvc@2.0.1':
    optional: true

  '@rspack/binding-win32-x64-msvc@2.0.1':
    optional: true

  '@rspack/binding@2.0.1':
    optionalDependencies:
      '@rspack/binding-darwin-arm64': 2.0.1
      '@rspack/binding-darwin-x64': 2.0.1
      '@rspack/binding-linux-arm64-gnu': 2.0.1
      '@rspack/binding-linux-arm64-musl': 2.0.1
      '@rspack/binding-linux-x64-gnu': 2.0.1
      '@rspack/binding-linux-x64-musl': 2.0.1
      '@rspack/binding-wasm32-wasi': 2.0.1
      '@rspack/binding-win32-arm64-msvc': 2.0.1
      '@rspack/binding-win32-ia32-msvc': 2.0.1
      '@rspack/binding-win32-x64-msvc': 2.0.1

  '@rspack/core@2.0.1(@swc/helpers@0.5.21)':
    dependencies:
      '@rspack/binding': 2.0.1
    optionalDependencies:
      '@swc/helpers': 0.5.21

  '@rspack/plugin-react-refresh@2.0.0(@rspack/core@2.0.1(@swc/helpers@0.5.21))(react-refresh@0.18.0)':
    dependencies:
      react-refresh: 0.18.0
    optionalDependencies:
      '@rspack/core': 2.0.1(@swc/helpers@0.5.21)

  '@swc/helpers@0.5.21':
    dependencies:
      tslib: 2.8.1

  '@tybys/wasm-util@0.10.1':
    dependencies:
      tslib: 2.8.1
    optional: true

  '@types/react-dom@19.2.3(@types/react@19.2.14)':
    dependencies:
      '@types/react': 19.2.14

  '@types/react@19.2.14':
    dependencies:
      csstype: 3.2.3

  core-js@3.47.0:
    optional: true

  csstype@3.2.3: {}

  react-dom@19.2.5(react@19.2.5):
    dependencies:
      react: 19.2.5
      scheduler: 0.27.0

  react-refresh@0.18.0: {}

  react@19.2.5: {}

  scheduler@0.27.0: {}

  tslib@2.8.1: {}

  typescript@6.0.3: {}
